
Microsoft Visual Studio Solution File, Format Version 12.00
# Visual Studio Version 16
VisualStudioVersion = 16.0.30413.136
MinimumVisualStudioVersion = 10.0.40219.1
Project("{FAE04EC0-301F-11D3-BF4B-00C04F79EFBC}") = "BulkyBook", "BulkyBook\BulkyBook.csproj", "{3EAFDFF1-BF4E-49C2-9B52-64640984FB99}"
EndProject
Global
	GlobalSection(SolutionConfigurationPlatforms) = preSolution
		Debug|Any CPU = Debug|Any CPU
		Release|Any CPU = Release|Any CPU
	EndGlobalSection
	GlobalSection(ProjectConfigurationPlatforms) = postSolution
		{3EAFDFF1-BF4E-49C2-9B52-64640984FB99}.Debug|Any CPU.ActiveCfg = Debug|Any CPU
		{3EAFDFF1-BF4E-49C2-9B52-64640984FB99}.Debug|Any CPU.Build.0 = Debug|Any CPU
		{3EAFDFF1-BF4E-49C2-9B52-64640984FB99}.Release|Any CPU.ActiveCfg = Release|Any CPU
		{3EAFDFF1-BF4E-49C2-9B52-64640984FB99}.Release|Any CPU.Build.0 = Release|Any CPU
	EndGlobalSection
	GlobalSection(SolutionProperties) = preSolution
		HideSolutionNode = FALSE
	EndGlobalSection
	GlobalSection(ExtensibilityGlobals) = postSolution
		SolutionGuid = {333ACB61-316A-487A-A6E8-F0CFA37699FC}
	EndGlobalSection
EndGlobal
